{
  "version": 4,
  "terraform_version": "0.12.19",
  "serial": 23,
  "lineage": "5736bf4c-58e8-a95a-4195-17bcb41ae14c",
  "outputs": {
    "apps_external_ip": {
      "value": "35.241.152.117",
      "type": "string"
    },
    "dynamic_inventory": {
      "value": "---\nall:\n  children:\n\n    prod:\n      hosts:\n        appserver:\n          ansible_host: \"35.241.152.117\"\n        \n",
      "type": "string"
    }
  },
  "resources": [
    {
      "module": "module.app",
      "mode": "managed",
      "type": "google_compute_address",
      "name": "appdockerip",
      "provider": "module.app.provider.google",
      "instances": [
        {
          "schema_version": 0,
          "attributes": {
            "address": "35.241.152.117",
            "address_type": "EXTERNAL",
            "creation_timestamp": "2020-02-03T06:33:49.644-08:00",
            "description": "",
            "id": "docker-267108/europe-west1/app-dicker-ip",
            "name": "app-dicker-ip",
            "network_tier": "PREMIUM",
            "project": "docker-267108",
            "purpose": "",
            "region": "europe-west1",
            "self_link": "https://www.googleapis.com/compute/v1/projects/docker-267108/regions/europe-west1/addresses/app-dicker-ip",
            "subnetwork": "",
            "timeouts": null,
            "users": [
              "https://www.googleapis.com/compute/v1/projects/docker-267108/zones/europe-west1-b/instances/reddit-app0"
            ]
          },
          "private": "eyJlMmJmYjczMC1lY2FhLTExZTYtOGY4OC0zNDM2M2JjN2M0YzAiOnsiY3JlYXRlIjoyNDAwMDAwMDAwMDAsImRlbGV0ZSI6MjQwMDAwMDAwMDAwfX0="
        }
      ]
    },
    {
      "module": "module.app",
      "mode": "managed",
      "type": "google_compute_firewall",
      "name": "firewallpuma",
      "provider": "module.app.provider.google",
      "instances": [
        {
          "schema_version": 1,
          "attributes": {
            "allow": [
              {
                "ports": [
                  "9292"
                ],
                "protocol": "tcp"
              }
            ],
            "creation_timestamp": "2020-02-03T06:30:01.703-08:00",
            "deny": [],
            "description": "",
            "destination_ranges": [],
            "direction": "INGRESS",
            "disabled": false,
            "id": "allow-puma-default",
            "name": "allow-puma-default",
            "network": "https://www.googleapis.com/compute/v1/projects/docker-267108/global/networks/default",
            "priority": 1000,
            "project": "docker-267108",
            "self_link": "https://www.googleapis.com/compute/v1/projects/docker-267108/global/firewalls/allow-puma-default",
            "source_ranges": [
              "0.0.0.0/0"
            ],
            "source_service_accounts": [],
            "source_tags": [],
            "target_service_accounts": [],
            "target_tags": [
              "appdocker"
            ],
            "timeouts": null
          },
          "private": "eyJlMmJmYjczMC1lY2FhLTExZTYtOGY4OC0zNDM2M2JjN2M0YzAiOnsiY3JlYXRlIjoyNDAwMDAwMDAwMDAsImRlbGV0ZSI6MjQwMDAwMDAwMDAwLCJ1cGRhdGUiOjI0MDAwMDAwMDAwMH0sInNjaGVtYV92ZXJzaW9uIjoiMSJ9"
        }
      ]
    },
    {
      "module": "module.app",
      "mode": "managed",
      "type": "google_compute_instance",
      "name": "app-docker",
      "each": "list",
      "provider": "module.app.provider.google",
      "instances": []
    },
    {
      "module": "module.app",
      "mode": "managed",
      "type": "google_compute_instance",
      "name": "app_docker",
      "each": "list",
      "provider": "module.app.provider.google",
      "instances": []
    },
    {
      "module": "module.app",
      "mode": "managed",
      "type": "google_compute_instance",
      "name": "appdocker",
      "each": "list",
      "provider": "module.app.provider.google",
      "instances": [
        {
          "index_key": 0,
          "schema_version": 6,
          "attributes": {
            "allow_stopping_for_update": null,
            "attached_disk": [],
            "boot_disk": [
              {
                "auto_delete": true,
                "device_name": "persistent-disk-0",
                "disk_encryption_key_raw": "",
                "disk_encryption_key_sha256": "",
                "initialize_params": [
                  {
                    "image": "https://www.googleapis.com/compute/v1/projects/docker-267108/global/images/reddit-docker-host",
                    "labels": {},
                    "size": 12,
                    "type": "pd-standard"
                  }
                ],
                "kms_key_self_link": "",
                "mode": "READ_WRITE",
                "source": "https://www.googleapis.com/compute/v1/projects/docker-267108/zones/europe-west1-b/disks/reddit-app0"
              }
            ],
            "can_ip_forward": false,
            "cpu_platform": "Intel Haswell",
            "deletion_protection": false,
            "description": "",
            "disk": [],
            "guest_accelerator": [],
            "hostname": "",
            "id": "reddit-app0",
            "instance_id": "7302670725894475657",
            "label_fingerprint": "42WmSpB8rSM=",
            "labels": {},
            "machine_type": "g1-small",
            "metadata": {
              "ssh-keys": "appuser:ssh-rsa AAAAB3NzaC1yc2EAAAADAQABAAABgQCf7RLJw/XWcb0jbv29W+vr9vQ8+/MLs8jT0Zr5eAVX6Be+0G3Bj+gQEGC1a3E+uiP6AtfJegT0I4WQgEw4nWL9nGsNoY1ifwSyJEa8lJCObyYRR2Ja/+NsqVPBL8ufAHmp3DCLZ6zCC+3B6fJCVU3B4KEUs704oEItD/ZWM5OnZHu9cJ9+KO5Vjl/o9I80lue4tH19nbRZ7eLdvtVIMalvYjFG68Z8lsYplq7NRq3JwUMu+fUDIc3+ppQ4ZEftLCCgauMX7R+yh5BuEqtdmEdlyV5a6bYEMj/JcBu767XHCpV8hVh3+Ijui0VUSg+Uw6VBmm2IbPzGRWjNP6jMbPzPQm4gRKvmRXvJPHAGiDuPi2MnvgUZgVTFE1+Gs1dYzUFfcln16swDSE1SntBYlQxGflMa0xjbXkUHoF8dQwokn7gHd1aMlCo8hcfHHWyFE/xI155o6OJDBqPvEuohxAoRfB0oWLRMRDNwrrnonTpWQ5Vk3R7Uj3bR5nWC+HZIQpU= appuser\n"
            },
            "metadata_fingerprint": "t2R4dRA7GlM=",
            "metadata_startup_script": "",
            "min_cpu_platform": "",
            "name": "reddit-app0",
            "network_interface": [
              {
                "access_config": [
                  {
                    "assigned_nat_ip": "",
                    "nat_ip": "35.241.152.117",
                    "network_tier": "PREMIUM",
                    "public_ptr_domain_name": ""
                  }
                ],
                "address": "",
                "alias_ip_range": [],
                "name": "nic0",
                "network": "https://www.googleapis.com/compute/v1/projects/docker-267108/global/networks/default",
                "network_ip": "10.132.0.5",
                "subnetwork": "https://www.googleapis.com/compute/v1/projects/docker-267108/regions/europe-west1/subnetworks/default",
                "subnetwork_project": "docker-267108"
              }
            ],
            "project": "docker-267108",
            "scheduling": [
              {
                "automatic_restart": true,
                "node_affinities": [],
                "on_host_maintenance": "MIGRATE",
                "preemptible": false
              }
            ],
            "scratch_disk": [],
            "self_link": "https://www.googleapis.com/compute/v1/projects/docker-267108/zones/europe-west1-b/instances/reddit-app0",
            "service_account": [],
            "shielded_instance_config": [],
            "tags": [
              "appdocker"
            ],
            "tags_fingerprint": "fp04ZR1nNuU=",
            "timeouts": null,
            "zone": "europe-west1-b"
          },
          "private": "eyJlMmJmYjczMC1lY2FhLTExZTYtOGY4OC0zNDM2M2JjN2M0YzAiOnsiY3JlYXRlIjoxMjAwMDAwMDAwMDAwLCJkZWxldGUiOjEyMDAwMDAwMDAwMDAsInVwZGF0ZSI6MTIwMDAwMDAwMDAwMH0sInNjaGVtYV92ZXJzaW9uIjoiNiJ9",
          "dependencies": [
            "module.app.google_compute_address.appdockerip"
          ]
        }
      ]
    },
    {
      "mode": "managed",
      "type": "template_file",
      "name": "dynamic_inventory",
      "provider": "provider.template",
      "instances": [
        {
          "schema_version": 0,
          "attributes": {
            "filename": null,
            "id": "6ecaec48732c1719c2b7d1ce623e6b780bf95a91bf0a2d6c0f7bdb62f11f8b94",
            "rendered": "---\nall:\n  children:\n\n    prod:\n      hosts:\n        appserver:\n          ansible_host: \"35.241.152.117\"\n        \n",
            "template": "---\nall:\n  children:\n\n    prod:\n      hosts:\n        appserver:\n          ansible_host: \"${app_ext_ip}\"\n        \n",
            "vars": {
              "app_ext_ip": "35.241.152.117"
            }
          },
          "private": "bnVsbA==",
          "dependencies": [
            "module.app.google_compute_instance.appdocker"
          ]
        }
      ]
    }
  ]
}
